// !$*UTF8*$!
{
	archiveVersion = 1;
	classes = {
	};
	objectVersion = 56;
	objects = {

/* Begin PBXBuildFile section */
		FB0A110D2BEBBF9E00B4E37E /* AppDelegate.swift in Sources */ = {isa = PBXBuildFile; fileRef = FB0A110C2BEBBF9E00B4E37E /* AppDelegate.swift */; };
		FB0A110F2BEBBF9E00B4E37E /* SceneDelegate.swift in Sources */ = {isa = PBXBuildFile; fileRef = FB0A110E2BEBBF9E00B4E37E /* SceneDelegate.swift */; };
		FB0A11112BEBBF9E00B4E37E /* PhotoListViewController.swift in Sources */ = {isa = PBXBuildFile; fileRef = FB0A11102BEBBF9E00B4E37E /* PhotoListViewController.swift */; };
		FB0A11162BEBBF9F00B4E37E /* Assets.xcassets in Resources */ = {isa = PBXBuildFile; fileRef = FB0A11152BEBBF9F00B4E37E /* Assets.xcassets */; };
		FB0A11192BEBBF9F00B4E37E /* Base in Resources */ = {isa = PBXBuildFile; fileRef = FB0A11182BEBBF9F00B4E37E /* Base */; };
		FB0A11222BEBBFF300B4E37E /* Networking in Frameworks */ = {isa = PBXBuildFile; productRef = FB0A11212BEBBFF300B4E37E /* Networking */; };
		FB4AEF802BEBD7720071245F /* PhotoListViewModel.swift in Sources */ = {isa = PBXBuildFile; fileRef = FB4AEF7F2BEBD7720071245F /* PhotoListViewModel.swift */; };
		FB4AEF832BEBF9DD0071245F /* PhotoDetailViewController.swift in Sources */ = {isa = PBXBuildFile; fileRef = FB4AEF822BEBF9DD0071245F /* PhotoDetailViewController.swift */; };
		FB4AEF852BEBFC500071245F /* PhotoDetailViewModel.swift in Sources */ = {isa = PBXBuildFile; fileRef = FB4AEF842BEBFC500071245F /* PhotoDetailViewModel.swift */; };
		FB8AD3452BEBC82700603C47 /* PhotoListViewCell.swift in Sources */ = {isa = PBXBuildFile; fileRef = FB8AD3442BEBC82700603C47 /* PhotoListViewCell.swift */; };
		FB8AD3472BEBD49100603C47 /* PhotoModel.swift in Sources */ = {isa = PBXBuildFile; fileRef = FB8AD3462BEBD49100603C47 /* PhotoModel.swift */; };
/* End PBXBuildFile section */

/* Begin PBXFileReference section */
		FB0A11092BEBBF9E00B4E37E /* PhotoGallery.app */ = {isa = PBXFileReference; explicitFileType = wrapper.application; includeInIndex = 0; path = PhotoGallery.app; sourceTree = BUILT_PRODUCTS_DIR; };
		FB0A110C2BEBBF9E00B4E37E /* AppDelegate.swift */ = {isa = PBXFileReference; lastKnownFileType = sourcecode.swift; path = AppDelegate.swift; sourceTree = "<group>"; };
		FB0A110E2BEBBF9E00B4E37E /* SceneDelegate.swift */ = {isa = PBXFileReference; lastKnownFileType = sourcecode.swift; path = SceneDelegate.swift; sourceTree = "<group>"; };
		FB0A11102BEBBF9E00B4E37E /* PhotoListViewController.swift */ = {isa = PBXFileReference; lastKnownFileType = sourcecode.swift; path = PhotoListViewController.swift; sourceTree = "<group>"; };
		FB0A11152BEBBF9F00B4E37E /* Assets.xcassets */ = {isa = PBXFileReference; lastKnownFileType = folder.assetcatalog; path = Assets.xcassets; sourceTree = "<group>"; };
		FB0A11182BEBBF9F00B4E37E /* Base */ = {isa = PBXFileReference; lastKnownFileType = file.storyboard; name = Base; path = Base.lproj/LaunchScreen.storyboard; sourceTree = "<group>"; };
		FB0A111A2BEBBF9F00B4E37E /* Info.plist */ = {isa = PBXFileReference; lastKnownFileType = text.plist.xml; path = Info.plist; sourceTree = "<group>"; };
		FB4AEF7F2BEBD7720071245F /* PhotoListViewModel.swift */ = {isa = PBXFileReference; lastKnownFileType = sourcecode.swift; path = PhotoListViewModel.swift; sourceTree = "<group>"; };
		FB4AEF822BEBF9DD0071245F /* PhotoDetailViewController.swift */ = {isa = PBXFileReference; lastKnownFileType = sourcecode.swift; path = PhotoDetailViewController.swift; sourceTree = "<group>"; };
		FB4AEF842BEBFC500071245F /* PhotoDetailViewModel.swift */ = {isa = PBXFileReference; lastKnownFileType = sourcecode.swift; path = PhotoDetailViewModel.swift; sourceTree = "<group>"; };
		FB8AD3442BEBC82700603C47 /* PhotoListViewCell.swift */ = {isa = PBXFileReference; lastKnownFileType = sourcecode.swift; path = PhotoListViewCell.swift; sourceTree = "<group>"; };
		FB8AD3462BEBD49100603C47 /* PhotoModel.swift */ = {isa = PBXFileReference; lastKnownFileType = sourcecode.swift; path = PhotoModel.swift; sourceTree = "<group>"; };
/* End PBXFileReference section */

/* Begin PBXFrameworksBuildPhase section */
		FB0A11062BEBBF9E00B4E37E /* Frameworks */ = {
			isa = PBXFrameworksBuildPhase;
			buildActionMask = 2147483647;
			files = (
				FB0A11222BEBBFF300B4E37E /* Networking in Frameworks */,
			);
			runOnlyForDeploymentPostprocessing = 0;
		};
/* End PBXFrameworksBuildPhase section */

/* Begin PBXGroup section */
		FB0A11002BEBBF9E00B4E37E = {
			isa = PBXGroup;
			children = (
				FB0A110B2BEBBF9E00B4E37E /* PhotoGallery */,
				FB0A110A2BEBBF9E00B4E37E /* Products */,
			);
			sourceTree = "<group>";
		};
		FB0A110A2BEBBF9E00B4E37E /* Products */ = {
			isa = PBXGroup;
			children = (
				FB0A11092BEBBF9E00B4E37E /* PhotoGallery.app */,
			);
			name = Products;
			sourceTree = "<group>";
		};
		FB0A110B2BEBBF9E00B4E37E /* PhotoGallery */ = {
			isa = PBXGroup;
			children = (
				FBA1A9EB2BEBC18700B06334 /* App */,
				FBA1A9EC2BEBC19200B06334 /* Scenes */,
				FBC1330E2BECF5DB00820CF1 /* Model */,
				FBC1330F2BECF60000820CF1 /* Resources */,
				FB0A111A2BEBBF9F00B4E37E /* Info.plist */,
			);
			path = PhotoGallery;
			sourceTree = "<group>";
		};
		FB4AEF812BEBF9070071245F /* PhotoPage */ = {
			isa = PBXGroup;
			children = (
				FB4AEF822BEBF9DD0071245F /* PhotoDetailViewController.swift */,
				FB4AEF842BEBFC500071245F /* PhotoDetailViewModel.swift */,
			);
			path = PhotoPage;
			sourceTree = "<group>";
		};
		FB8AD3422BEBC73400603C47 /* GalleryPage */ = {
			isa = PBXGroup;
			children = (
				FB8AD3432BEBC74000603C47 /* Cell */,
				FB0A11102BEBBF9E00B4E37E /* PhotoListViewController.swift */,
				FB4AEF7F2BEBD7720071245F /* PhotoListViewModel.swift */,
			);
			path = GalleryPage;
			sourceTree = "<group>";
		};
		FB8AD3432BEBC74000603C47 /* Cell */ = {
			isa = PBXGroup;
			children = (
				FB8AD3442BEBC82700603C47 /* PhotoListViewCell.swift */,
			);
			path = Cell;
			sourceTree = "<group>";
		};
		FBA1A9EB2BEBC18700B06334 /* App */ = {
			isa = PBXGroup;
			children = (
				FB0A110C2BEBBF9E00B4E37E /* AppDelegate.swift */,
				FB0A110E2BEBBF9E00B4E37E /* SceneDelegate.swift */,
			);
			path = App;
			sourceTree = "<group>";
		};
		FBA1A9EC2BEBC19200B06334 /* Scenes */ = {
			isa = PBXGroup;
			children = (
				FB8AD3422BEBC73400603C47 /* GalleryPage */,
				FB4AEF812BEBF9070071245F /* PhotoPage */,
			);
			path = Scenes;
			sourceTree = "<group>";
		};
		FBC1330E2BECF5DB00820CF1 /* Model */ = {
			isa = PBXGroup;
			children = (
				FB8AD3462BEBD49100603C47 /* PhotoModel.swift */,
			);
			path = Model;
			sourceTree = "<group>";
		};
		FBC1330F2BECF60000820CF1 /* Resources */ = {
			isa = PBXGroup;
			children = (
				FB0A11152BEBBF9F00B4E37E /* Assets.xcassets */,
				FB0A11172BEBBF9F00B4E37E /* LaunchScreen.storyboard */,
			);
			path = Resources;
			sourceTree = "<group>";
		};
/* End PBXGroup section */

/* Begin PBXNativeTarget section */
		FB0A11082BEBBF9E00B4E37E /* PhotoGallery */ = {
			isa = PBXNativeTarget;
			buildConfigurationList = FB0A111D2BEBBF9F00B4E37E /* Build configuration list for PBXNativeTarget "PhotoGallery" */;
			buildPhases = (
				FB0A11052BEBBF9E00B4E37E /* Sources */,
				FB0A11062BEBBF9E00B4E37E /* Frameworks */,
				FB0A11072BEBBF9E00B4E37E /* Resources */,
			);
			buildRules = (
			);
			dependencies = (
			);
			name = PhotoGallery;
			packageProductDependencies = (
				FB0A11212BEBBFF300B4E37E /* Networking */,
			);
			productName = PhotoGallery;
			productReference = FB0A11092BEBBF9E00B4E37E /* PhotoGallery.app */;
			productType = "com.apple.product-type.application";
		};
/* End PBXNativeTarget section */

/* Begin PBXProject section */
		FB0A11012BEBBF9E00B4E37E /* Project object */ = {
			isa = PBXProject;
			attributes = {
				BuildIndependentTargetsInParallel = 1;
				LastSwiftUpdateCheck = 1530;
				LastUpgradeCheck = 1530;
				TargetAttributes = {
					FB0A11082BEBBF9E00B4E37E = {
						CreatedOnToolsVersion = 15.3;
					};
				};
			};
			buildConfigurationList = FB0A11042BEBBF9E00B4E37E /* Build configuration list for PBXProject "PhotoGallery" */;
			compatibilityVersion = "Xcode 14.0";
			developmentRegion = en;
			hasScannedForEncodings = 0;
			knownRegions = (
				en,
				Base,
			);
			mainGroup = FB0A11002BEBBF9E00B4E37E;
			packageReferences = (
				FB0A11202BEBBFF300B4E37E /* XCRemoteSwiftPackageReference "SimpleNetworking" */,
			);
			productRefGroup = FB0A110A2BEBBF9E00B4E37E /* Products */;
			projectDirPath = "";
			projectRoot = "";
			targets = (
				FB0A11082BEBBF9E00B4E37E /* PhotoGallery */,
			);
		};
/* End PBXProject section */

/* Begin PBXResourcesBuildPhase section */
		FB0A11072BEBBF9E00B4E37E /* Resources */ = {
			isa = PBXResourcesBuildPhase;
			buildActionMask = 2147483647;
			files = (
				FB0A11162BEBBF9F00B4E37E /* Assets.xcassets in Resources */,
				FB0A11192BEBBF9F00B4E37E /* Base in Resources */,
			);
			runOnlyForDeploymentPostprocessing = 0;
		};
/* End PBXResourcesBuildPhase section */

/* Begin PBXSourcesBuildPhase section */
		FB0A11052BEBBF9E00B4E37E /* Sources */ = {
			isa = PBXSourcesBuildPhase;
			buildActionMask = 2147483647;
			files = (
				FB0A11112BEBBF9E00B4E37E /* PhotoListViewController.swift in Sources */,
				FB4AEF802BEBD7720071245F /* PhotoListViewModel.swift in Sources */,
				FB0A110D2BEBBF9E00B4E37E /* AppDelegate.swift in Sources */,
				FB4AEF832BEBF9DD0071245F /* PhotoDetailViewController.swift in Sources */,
				FB0A110F2BEBBF9E00B4E37E /* SceneDelegate.swift in Sources */,
				FB8AD3472BEBD49100603C47 /* PhotoModel.swift in Sources */,
				FB4AEF852BEBFC500071245F /* PhotoDetailViewModel.swift in Sources */,
				FB8AD3452BEBC82700603C47 /* PhotoListViewCell.swift in Sources */,
			);
			runOnlyForDeploymentPostprocessing = 0;
		};
/* End PBXSourcesBuildPhase section */

/* Begin PBXVariantGroup section */
		FB0A11172BEBBF9F00B4E37E /* LaunchScreen.storyboard */ = {
			isa = PBXVariantGroup;
			children = (
				FB0A11182BEBBF9F00B4E37E /* Base */,
			);
			name = LaunchScreen.storyboard;
			sourceTree = "<group>";
		};
/* End PBXVariantGroup section */

/* Begin XCBuildConfiguration section */
		FB0A111B2BEBBF9F00B4E37E /* Debug */ = {
			isa = XCBuildConfiguration;
			buildSettings = {
				ALWAYS_SEARCH_USER_PATHS = NO;
				ASSETCATALOG_COMPILER_GENERATE_SWIFT_ASSET_SYMBOL_EXTENSIONS = YES;
				CLANG_ANALYZER_NONNULL = YES;
				CLANG_ANALYZER_NUMBER_OBJECT_CONVERSION = YES_AGGRESSIVE;
				CLANG_CXX_LANGUAGE_STANDARD = "gnu++20";
				CLANG_ENABLE_MODULES = YES;
				CLANG_ENABLE_OBJC_ARC = YES;
				CLANG_ENABLE_OBJC_WEAK = YES;
				CLANG_WARN_BLOCK_CAPTURE_AUTORELEASING = YES;
				CLANG_WARN_BOOL_CONVERSION = YES;
				CLANG_WARN_COMMA = YES;
				CLANG_WARN_CONSTANT_CONVERSION = YES;
				CLANG_WARN_DEPRECATED_OBJC_IMPLEMENTATIONS = YES;
				CLANG_WARN_DIRECT_OBJC_ISA_USAGE = YES_ERROR;
				CLANG_WARN_DOCUMENTATION_COMMENTS = YES;
				CLANG_WARN_EMPTY_BODY = YES;
				CLANG_WARN_ENUM_CONVERSION = YES;
				CLANG_WARN_INFINITE_RECURSION = YES;
				CLANG_WARN_INT_CONVERSION = YES;
				CLANG_WARN_NON_LITERAL_NULL_CONVERSION = YES;
				CLANG_WARN_OBJC_IMPLICIT_RETAIN_SELF = YES;
				CLANG_WARN_OBJC_LITERAL_CONVERSION = YES;
				CLANG_WARN_OBJC_ROOT_CLASS = YES_ERROR;
				CLANG_WARN_QUOTED_INCLUDE_IN_FRAMEWORK_HEADER = YES;
				CLANG_WARN_RANGE_LOOP_ANALYSIS = YES;
				CLANG_WARN_STRICT_PROTOTYPES = YES;
				CLANG_WARN_SUSPICIOUS_MOVE = YES;
				CLANG_WARN_UNGUARDED_AVAILABILITY = YES_AGGRESSIVE;
				CLANG_WARN_UNREACHABLE_CODE = YES;
				CLANG_WARN__DUPLICATE_METHOD_MATCH = YES;
				COPY_PHASE_STRIP = NO;
				DEBUG_INFORMATION_FORMAT = dwarf;
				ENABLE_STRICT_OBJC_MSGSEND = YES;
				ENABLE_TESTABILITY = YES;
				ENABLE_USER_SCRIPT_SANDBOXING = YES;
				GCC_C_LANGUAGE_STANDARD = gnu17;
				GCC_DYNAMIC_NO_PIC = NO;
				GCC_NO_COMMON_BLOCKS = YES;
				GCC_OPTIMIZATION_LEVEL = 0;
				GCC_PREPROCESSOR_DEFINITIONS = (
					"DEBUG=1",
					"$(inherited)",
				);
				GCC_WARN_64_TO_32_BIT_CONVERSION = YES;
				GCC_WARN_ABOUT_RETURN_TYPE = YES_ERROR;
				GCC_WARN_UNDECLARED_SELECTOR = YES;
				GCC_WARN_UNINITIALIZED_AUTOS = YES_AGGRESSIVE;
				GCC_WARN_UNUSED_FUNCTION = YES;
				GCC_WARN_UNUSED_VARIABLE = YES;
				IPHONEOS_DEPLOYMENT_TARGET = 17.4;
				LOCALIZATION_PREFERS_STRING_CATALOGS = YES;
				MTL_ENABLE_DEBUG_INFO = INCLUDE_SOURCE;
				MTL_FAST_MATH = YES;
				ONLY_ACTIVE_ARCH = YES;
				SDKROOT = iphoneos;
				SWIFT_ACTIVE_COMPILATION_CONDITIONS = "DEBUG $(inherited)";
				SWIFT_OPTIMIZATION_LEVEL = "-Onone";
			};
			name = Debug;
		};
		FB0A111C2BEBBF9F00B4E37E /* Release */ = {
			isa = XCBuildConfiguration;
			buildSettings = {
				ALWAYS_SEARCH_USER_PATHS = NO;
				ASSETCATALOG_COMPILER_GENERATE_SWIFT_ASSET_SYMBOL_EXTENSIONS = YES;
				CLANG_ANALYZER_NONNULL = YES;
				CLANG_ANALYZER_NUMBER_OBJECT_CONVERSION = YES_AGGRESSIVE;
				CLANG_CXX_LANGUAGE_STANDARD = "gnu++20";
				CLANG_ENABLE_MODULES = YES;
				CLANG_ENABLE_OBJC_ARC = YES;
				CLANG_ENABLE_OBJC_WEAK = YES;
				CLANG_WARN_BLOCK_CAPTURE_AUTORELEASING = YES;
				CLANG_WARN_BOOL_CONVERSION = YES;
				CLANG_WARN_COMMA = YES;
				CLANG_WARN_CONSTANT_CONVERSION = YES;
				CLANG_WARN_DEPRECATED_OBJC_IMPLEMENTATIONS = YES;
				CLANG_WARN_DIRECT_OBJC_ISA_USAGE = YES_ERROR;
				CLANG_WARN_DOCUMENTATION_COMMENTS = YES;
				CLANG_WARN_EMPTY_BODY = YES;
				CLANG_WARN_ENUM_CONVERSION = YES;
				CLANG_WARN_INFINITE_RECURSION = YES;
				CLANG_WARN_INT_CONVERSION = YES;
				CLANG_WARN_NON_LITERAL_NULL_CONVERSION = YES;
				CLANG_WARN_OBJC_IMPLICIT_RETAIN_SELF = YES;
				CLANG_WARN_OBJC_LITERAL_CONVERSION = YES;
				CLANG_WARN_OBJC_ROOT_CLASS = YES_ERROR;
				CLANG_WARN_QUOTED_INCLUDE_IN_FRAMEWORK_HEADER = YES;
				CLANG_WARN_RANGE_LOOP_ANALYSIS = YES;
				CLANG_WARN_STRICT_PROTOTYPES = YES;
				CLANG_WARN_SUSPICIOUS_MOVE = YES;
				CLANG_WARN_UNGUARDED_AVAILABILITY = YES_AGGRESSIVE;
				CLANG_WARN_UNREACHABLE_CODE = YES;
				CLANG_WARN__DUPLICATE_METHOD_MATCH = YES;
				COPY_PHASE_STRIP = NO;
				DEBUG_INFORMATION_FORMAT = "dwarf-with-dsym";
				ENABLE_NS_ASSERTIONS = NO;
				ENABLE_STRICT_OBJC_MSGSEND = YES;
				ENABLE_USER_SCRIPT_SANDBOXING = YES;
				GCC_C_LANGUAGE_STANDARD = gnu17;
				GCC_NO_COMMON_BLOCKS = YES;
				GCC_WARN_64_TO_32_BIT_CONVERSION = YES;
				GCC_WARN_ABOUT_RETURN_TYPE = YES_ERROR;
				GCC_WARN_UNDECLARED_SELECTOR = YES;
				GCC_WARN_UNINITIALIZED_AUTOS = YES_AGGRESSIVE;
				GCC_WARN_UNUSED_FUNCTION = YES;
				GCC_WARN_UNUSED_VARIABLE = YES;
				IPHONEOS_DEPLOYMENT_TARGET = 17.4;
				LOCALIZATION_PREFERS_STRING_CATALOGS = YES;
				MTL_ENABLE_DEBUG_INFO = NO;
				MTL_FAST_MATH = YES;
				SDKROOT = iphoneos;
				SWIFT_COMPILATION_MODE = wholemodule;
				VALIDATE_PRODUCT = YES;
			};
			name = Release;
		};
		FB0A111E2BEBBF9F00B4E37E /* Debug */ = {
			isa = XCBuildConfiguration;
			buildSettings = {
				ASSETCATALOG_COMPILER_APPICON_NAME = AppIcon;
				ASSETCATALOG_COMPILER_GLOBAL_ACCENT_COLOR_NAME = AccentColor;
				CODE_SIGN_STYLE = Automatic;
				CURRENT_PROJECT_VERSION = 1;
				GENERATE_INFOPLIST_FILE = YES;
				INFOPLIST_FILE = PhotoGallery/Info.plist;
				INFOPLIST_KEY_UIApplicationSupportsIndirectInputEvents = YES;
				INFOPLIST_KEY_UILaunchStoryboardName = LaunchScreen;
				INFOPLIST_KEY_UISupportedInterfaceOrientations_iPad = "UIInterfaceOrientationPortrait UIInterfaceOrientationPortraitUpsideDown UIInterfaceOrientationLandscapeLeft UIInterfaceOrientationLandscapeRight";
				INFOPLIST_KEY_UISupportedInterfaceOrientations_iPhone = "UIInterfaceOrientationPortrait UIInterfaceOrientationLandscapeLeft UIInterfaceOrientationLandscapeRight";
				LD_RUNPATH_SEARCH_PATHS = (
					"$(inherited)",
					"@executable_path/Frameworks",
				);
				MARKETING_VERSION = 1.0;
				PRODUCT_BUNDLE_IDENTIFIER = TBC.PhotoGallery;
				PRODUCT_NAME = "$(TARGET_NAME)";
				SWIFT_EMIT_LOC_STRINGS = YES;
				SWIFT_VERSION = 5.0;
				TARGETED_DEVICE_FAMILY = "1,2";
			};
			name = Debug;
		};
		FB0A111F2BEBBF9F00B4E37E /* Release */ = {
			isa = XCBuildConfiguration;
			buildSettings = {
				ASSETCATALOG_COMPILER_APPICON_NAME = AppIcon;
				ASSETCATALOG_COMPILER_GLOBAL_ACCENT_COLOR_NAME = AccentColor;
				CODE_SIGN_STYLE = Automatic;
				CURRENT_PROJECT_VERSION = 1;
				GENERATE_INFOPLIST_FILE = YES;
				INFOPLIST_FILE = PhotoGallery/Info.plist;
				INFOPLIST_KEY_UIApplicationSupportsIndirectInputEvents = YES;
				INFOPLIST_KEY_UILaunchStoryboardName = LaunchScreen;
				INFOPLIST_KEY_UISupportedInterfaceOrientations_iPad = "UIInterfaceOrientationPortrait UIInterfaceOrientationPortraitUpsideDown UIInterfaceOrientationLandscapeLeft UIInterfaceOrientationLandscapeRight";
				INFOPLIST_KEY_UISupportedInterfaceOrientations_iPhone = "UIInterfaceOrientationPortrait UIInterfaceOrientationLandscapeLeft UIInterfaceOrientationLandscapeRight";
				LD_RUNPATH_SEARCH_PATHS = (
					"$(inherited)",
					"@executable_path/Frameworks",
				);
				MARKETING_VERSION = 1.0;
				PRODUCT_BUNDLE_IDENTIFIER = TBC.PhotoGallery;
				PRODUCT_NAME = "$(TARGET_NAME)";
				SWIFT_EMIT_LOC_STRINGS = YES;
				SWIFT_VERSION = 5.0;
				TARGETED_DEVICE_FAMILY = "1,2";
			};
			name = Release;
		};
/* End XCBuildConfiguration section */

/* Begin XCConfigurationList section */
		FB0A11042BEBBF9E00B4E37E /* Build configuration list for PBXProject "PhotoGallery" */ = {
			isa = XCConfigurationList;
			buildConfigurations = (
				FB0A111B2BEBBF9F00B4E37E /* Debug */,
				FB0A111C2BEBBF9F00B4E37E /* Release */,
			);
			defaultConfigurationIsVisible = 0;
			defaultConfigurationName = Release;
		};
		FB0A111D2BEBBF9F00B4E37E /* Build configuration list for PBXNativeTarget "PhotoGallery" */ = {
			isa = XCConfigurationList;
			buildConfigurations = (
				FB0A111E2BEBBF9F00B4E37E /* Debug */,
				FB0A111F2BEBBF9F00B4E37E /* Release */,
			);
			defaultConfigurationIsVisible = 0;
			defaultConfigurationName = Release;
		};
/* End XCConfigurationList section */

/* Begin XCRemoteSwiftPackageReference section */
		FB0A11202BEBBFF300B4E37E /* XCRemoteSwiftPackageReference "SimpleNetworking" */ = {
			isa = XCRemoteSwiftPackageReference;
			repositoryURL = "https://github.com/BakarKharabadze/SimpleNetworking";
			requirement = {
				branch = main;
				kind = branch;
			};
		};
/* End XCRemoteSwiftPackageReference section */

/* Begin XCSwiftPackageProductDependency section */
		FB0A11212BEBBFF300B4E37E /* Networking */ = {
			isa = XCSwiftPackageProductDependency;
			package = FB0A11202BEBBFF300B4E37E /* XCRemoteSwiftPackageReference "SimpleNetworking" */;
			productName = Networking;
		};
/* End XCSwiftPackageProductDependency section */
	};
	rootObject = FB0A11012BEBBF9E00B4E37E /* Project object */;
}
